# generated by rye
# use `rye lock` or `rye sync` to update this lockfile
#
# last locked with the following flags:
#   pre: false
#   features: []
#   all-features: false
#   with-sources: false
#   generate-hashes: false
#   universal: false

-e file:.
click==8.1.8
    # via zus
colorama==0.4.6
    # via click
jaraco-classes==3.4.0
    # via keyring
jaraco-context==6.0.1
    # via keyring
jaraco-functools==4.1.0
    # via keyring
keyring==25.6.0
    # via zus
more-itertools==10.6.0
    # via jaraco-classes
    # via jaraco-functools
orjson==3.10.15
    # via zus
pywin32-ctypes==0.2.3
    # via keyring
toml==0.10.2
    # via zus
zuu==7.3.0
    # via zus
