# generated by rye
# use `rye lock` or `rye sync` to update this lockfile
#
# last locked with the following flags:
#   pre: false
#   features: []
#   all-features: false
#   with-sources: false
#   generate-hashes: false
#   universal: false

-e file:.
argon2-cffi==23.1.0
    # via keyrings-cryptfile
argon2-cffi-bindings==21.2.0
    # via argon2-cffi
certifi==2025.1.31
    # via requests
cffi==1.17.1
    # via argon2-cffi-bindings
charset-normalizer==3.4.1
    # via requests
click==8.1.8
    # via zus
colorama==0.4.6
    # via click
idna==3.10
    # via requests
jaraco-classes==3.4.0
    # via keyring
    # via keyrings-cryptfile
jaraco-context==6.0.1
    # via keyring
jaraco-functools==4.1.0
    # via keyring
keyring==25.6.0
    # via keyrings-cryptfile
    # via zus
keyrings-cryptfile==1.3.9
more-itertools==10.6.0
    # via jaraco-classes
    # via jaraco-functools
pycparser==2.22
    # via cffi
pycryptodome==3.22.0
    # via keyrings-cryptfile
pywin32-ctypes==0.2.3
    # via keyring
requests==2.32.3
toml==0.10.2
    # via zus
urllib3==2.3.0
    # via requests
zuu==7.3.0
    # via zus
